
Microsoft Visual Studio Solution File, Format Version 12.00
# Visual Studio Version 17
VisualStudioVersion = 17.5.33530.505
MinimumVisualStudioVersion = 10.0.40219.1
Project("{9A19103F-16F7-4668-BE54-9A1E7A4F7556}") = "Gbms", "Gbms.csproj", "{39C47D74-89AE-4E3D-8A3B-6F5593521BFC}"
EndProject
Global
	GlobalSection(SolutionConfigurationPlatforms) = preSolution
		Debug|Any CPU = Debug|Any CPU
		Release|Any CPU = Release|Any CPU
	EndGlobalSection
	GlobalSection(ProjectConfigurationPlatforms) = postSolution
		{39C47D74-89AE-4E3D-8A3B-6F5593521BFC}.Debug|Any CPU.ActiveCfg = Debug|Any CPU
		{39C47D74-89AE-4E3D-8A3B-6F5593521BFC}.Debug|Any CPU.Build.0 = Debug|Any CPU
		{39C47D74-89AE-4E3D-8A3B-6F5593521BFC}.Release|Any CPU.ActiveCfg = Release|Any CPU
		{39C47D74-89AE-4E3D-8A3B-6F5593521BFC}.Release|Any CPU.Build.0 = Release|Any CPU
	EndGlobalSection
	GlobalSection(SolutionProperties) = preSolution
		HideSolutionNode = FALSE
	EndGlobalSection
	GlobalSection(ExtensibilityGlobals) = postSolution
		SolutionGuid = {CA1C8A4E-3BD4-4E65-A00C-8345DA0794BB}
	EndGlobalSection
EndGlobal
